
Microsoft Visual Studio Solution File, Format Version 12.00
# Visual Studio 15
VisualStudioVersion = 15.0.27130.2010
MinimumVisualStudioVersion = 10.0.40219.1
Project("{FAE04EC0-301F-11D3-BF4B-00C04F79EFBC}") = "Masraf.PL", "Masraf.PL\Masraf.PL.csproj", "{AAD2628D-C709-49BA-A910-11A95AF0AD42}"
EndProject
Project("{FAE04EC0-301F-11D3-BF4B-00C04F79EFBC}") = "Masraf.DAL", "Masraf.DAL\Masraf.DAL.csproj", "{F8B2CAB6-9C80-4579-8475-DFE7B3546EEE}"
EndProject
Project("{FAE04EC0-301F-11D3-BF4B-00C04F79EFBC}") = "Masraf.UI", "Masraf.UI\Masraf.UI.csproj", "{72BD67B9-254E-45F0-81D2-4B663EAD9B51}"
EndProject
Global
	GlobalSection(SolutionConfigurationPlatforms) = preSolution
		Debug|Any CPU = Debug|Any CPU
		Release|Any CPU = Release|Any CPU
	EndGlobalSection
	GlobalSection(ProjectConfigurationPlatforms) = postSolution
		{AAD2628D-C709-49BA-A910-11A95AF0AD42}.Debug|Any CPU.ActiveCfg = Debug|Any CPU
		{AAD2628D-C709-49BA-A910-11A95AF0AD42}.Debug|Any CPU.Build.0 = Debug|Any CPU
		{AAD2628D-C709-49BA-A910-11A95AF0AD42}.Release|Any CPU.ActiveCfg = Release|Any CPU
		{AAD2628D-C709-49BA-A910-11A95AF0AD42}.Release|Any CPU.Build.0 = Release|Any CPU
		{F8B2CAB6-9C80-4579-8475-DFE7B3546EEE}.Debug|Any CPU.ActiveCfg = Debug|Any CPU
		{F8B2CAB6-9C80-4579-8475-DFE7B3546EEE}.Debug|Any CPU.Build.0 = Debug|Any CPU
		{F8B2CAB6-9C80-4579-8475-DFE7B3546EEE}.Release|Any CPU.ActiveCfg = Release|Any CPU
		{F8B2CAB6-9C80-4579-8475-DFE7B3546EEE}.Release|Any CPU.Build.0 = Release|Any CPU
		{72BD67B9-254E-45F0-81D2-4B663EAD9B51}.Debug|Any CPU.ActiveCfg = Debug|Any CPU
		{72BD67B9-254E-45F0-81D2-4B663EAD9B51}.Debug|Any CPU.Build.0 = Debug|Any CPU
		{72BD67B9-254E-45F0-81D2-4B663EAD9B51}.Release|Any CPU.ActiveCfg = Release|Any CPU
		{72BD67B9-254E-45F0-81D2-4B663EAD9B51}.Release|Any CPU.Build.0 = Release|Any CPU
	EndGlobalSection
	GlobalSection(SolutionProperties) = preSolution
		HideSolutionNode = FALSE
	EndGlobalSection
	GlobalSection(ExtensibilityGlobals) = postSolution
		SolutionGuid = {08C11C71-EAED-4B03-A3C4-EAC2D6E4D69A}
	EndGlobalSection
EndGlobal
